
Microsoft Visual Studio Solution File, Format Version 12.00
# Visual Studio 15
VisualStudioVersion = 15.0.28010.2016
MinimumVisualStudioVersion = 10.0.40219.1
Project("{9A19103F-16F7-4668-BE54-9A1E7A4F7556}") = "BasilCoins", "BasilCoins\BasilCoins.csproj", "{50CFFEE7-F378-4B42-A403-36A7FB5221B4}"
EndProject
Project("{9A19103F-16F7-4668-BE54-9A1E7A4F7556}") = "Nullib", "Nullib\Nullib.csproj", "{FB7817DE-DB19-4718-9769-AAB9C49363DA}"
EndProject
Global
	GlobalSection(SolutionConfigurationPlatforms) = preSolution
		Debug|Any CPU = Debug|Any CPU
		Release|Any CPU = Release|Any CPU
	EndGlobalSection
	GlobalSection(ProjectConfigurationPlatforms) = postSolution
		{50CFFEE7-F378-4B42-A403-36A7FB5221B4}.Debug|Any CPU.ActiveCfg = Debug|Any CPU
		{50CFFEE7-F378-4B42-A403-36A7FB5221B4}.Debug|Any CPU.Build.0 = Debug|Any CPU
		{50CFFEE7-F378-4B42-A403-36A7FB5221B4}.Release|Any CPU.ActiveCfg = Release|Any CPU
		{50CFFEE7-F378-4B42-A403-36A7FB5221B4}.Release|Any CPU.Build.0 = Release|Any CPU
		{FB7817DE-DB19-4718-9769-AAB9C49363DA}.Debug|Any CPU.ActiveCfg = Debug|Any CPU
		{FB7817DE-DB19-4718-9769-AAB9C49363DA}.Debug|Any CPU.Build.0 = Debug|Any CPU
		{FB7817DE-DB19-4718-9769-AAB9C49363DA}.Release|Any CPU.ActiveCfg = Release|Any CPU
		{FB7817DE-DB19-4718-9769-AAB9C49363DA}.Release|Any CPU.Build.0 = Release|Any CPU
	EndGlobalSection
	GlobalSection(SolutionProperties) = preSolution
		HideSolutionNode = FALSE
	EndGlobalSection
	GlobalSection(ExtensibilityGlobals) = postSolution
		SolutionGuid = {E2725544-518E-48F9-A4B6-1E019D2F4418}
	EndGlobalSection
EndGlobal
